Microsoft Visual Studio Solution File, Format Version 12.00
# Visual Studio 15
VisualStudioVersion = 15.0.26228.9
MinimumVisualStudioVersion = 10.0.40219.1
Project("{FAE04EC0-301F-11D3-BF4B-00C04F79EFBC}") = "CBot", "CBot\CBot.csproj", "{443CF20B-2EC3-4E17-ACED-0B741DF4B8F6}"
EndProject
Project("{FAE04EC0-301F-11D3-BF4B-00C04F79EFBC}") = "AnIRC", "AnIRC\AnIRC\AnIRC.csproj", "{0F38DD6F-9BC0-480B-8695-6F50ACB8A8C7}"
EndProject
Project("{2150E333-8FDC-42A3-9474-1A3956D46DE8}") = "Plugins", "Plugins", "{DF5714F2-E456-430D-918C-7632A0916AF6}"
EndProject
Project("{FAE04EC0-301F-11D3-BF4B-00C04F79EFBC}") = "Bash Quotes", "Plugins\Bash Quotes\Bash Quotes.csproj", "{1C914F57-4742-47F0-A9B4-9901EFCB2A7F}"
EndProject
Project("{FAE04EC0-301F-11D3-BF4B-00C04F79EFBC}") = "BattleArenaManager", "Plugins\BattleArenaManager\BattleArenaManager.csproj", "{4F0B517E-97AF-4FD0-926B-E5399DDC8679}"
EndProject
Project("{FAE04EC0-301F-11D3-BF4B-00C04F79EFBC}") = "BattleBot", "Plugins\BattleBot\BattleBot.csproj", "{C85AB87C-C280-4B47-8717-7100A0E0189F}"
EndProject
Project("{FAE04EC0-301F-11D3-BF4B-00C04F79EFBC}") = "BombDefense", "Plugins\BombDefense\BombDefense.csproj", "{42A52734-A94F-4E75-8A2B-1FA92A5BDF29}"
EndProject
Project("{FAE04EC0-301F-11D3-BF4B-00C04F79EFBC}") = "BotControl", "Plugins\BotControl\BotControl.csproj", "{6510398D-7573-46B0-BF50-FE69C65D65CB}"
EndProject
Project("{FAE04EC0-301F-11D3-BF4B-00C04F79EFBC}") = "ChannelNotifier", "Plugins\ChannelNotifier\ChannelNotifier.csproj", "{E79AEFAC-9BE5-4AE7-A8AE-9EB619A5B4E8}"
EndProject
Project("{FAE04EC0-301F-11D3-BF4B-00C04F79EFBC}") = "CommandManager", "Plugins\CommandManager\CommandManager.csproj", "{D0072D90-0D83-449B-9606-A6F1EA7A0D47}"
EndProject
Project("{FAE04EC0-301F-11D3-BF4B-00C04F79EFBC}") = "FAQ", "Plugins\FAQ\FAQ.csproj", "{E759AB5F-ED26-4D45-A66B-2023991E5A2E}"
EndProject
Project("{2150E333-8FDC-42A3-9474-1A3956D46DE8}") = "Games", "Games", "{F5E340C8-5EE5-4B48-8CA2-DA432265B659}"
EndProject
Project("{FAE04EC0-301F-11D3-BF4B-00C04F79EFBC}") = "Greedy Dice", "Plugins\Games\Greedy Dice\Greedy Dice.csproj", "{EF64D212-B68B-43F1-BA4F-F0A7A7C31BDA}"
EndProject
Project("{FAE04EC0-301F-11D3-BF4B-00C04F79EFBC}") = "UNO", "Plugins\Games\UNO\UNO.csproj", "{A55FFCF0-C4D3-4CC3-8DD5-B6A4748049EC}"
EndProject
Project("{FAE04EC0-301F-11D3-BF4B-00C04F79EFBC}") = "Gender", "Plugins\Gender\Gender.csproj", "{B6C4F826-185A-49FB-82AD-195A7B05759F}"
EndProject
Project("{FAE04EC0-301F-11D3-BF4B-00C04F79EFBC}") = "HelpCommand", "Plugins\HelpCommand\HelpCommand.csproj", "{C0E57D7C-A68F-4F92-99DF-397653CA0332}"
EndProject
Project("{FAE04EC0-301F-11D3-BF4B-00C04F79EFBC}") = "Identify", "Plugins\Identify\Identify.csproj", "{6753AEE5-C03F-4C97-AC2B-4BCA5144DF0D}"
EndProject
Project("{FAE04EC0-301F-11D3-BF4B-00C04F79EFBC}") = "Plugin Manager", "Plugins\Plugin Manager\Plugin Manager.csproj", "{74754094-B8FE-4177-9C80-676B74190015}"
EndProject
Project("{FAE04EC0-301F-11D3-BF4B-00C04F79EFBC}") = "Time", "Plugins\Time\Time.csproj", "{817EB41B-386A-4E93-B799-8175C5FF74BC}"
EndProject
Project("{2150E333-8FDC-42A3-9474-1A3956D46DE8}") = "References", "References", "{F9A5857A-6111-4CD0-933E-B8D9A4DDC6F2}"
EndProject
Project("{FAE04EC0-301F-11D3-BF4B-00C04F79EFBC}") = "Demot.RandomOrgJsonRPC", "References\RandomOrgJson-RPC\Api\Demot.RandomOrgJsonRPC.csproj", "{A685522E-1383-4F8C-B0AB-429EE56268C5}"
EndProject
Global
	GlobalSection(SolutionConfigurationPlatforms) = preSolution
		Debug|Any CPU = Debug|Any CPU
		Debug|x86 = Debug|x86
		Release|Any CPU = Release|Any CPU
		Release|x86 = Release|x86
	EndGlobalSection
	GlobalSection(ProjectConfigurationPlatforms) = postSolution
		{443CF20B-2EC3-4E17-ACED-0B741DF4B8F6}.Debug|Any CPU.ActiveCfg = Debug|Any CPU
		{443CF20B-2EC3-4E17-ACED-0B741DF4B8F6}.Debug|Any CPU.Build.0 = Debug|Any CPU
		{443CF20B-2EC3-4E17-ACED-0B741DF4B8F6}.Debug|x86.ActiveCfg = Debug|Any CPU
		{443CF20B-2EC3-4E17-ACED-0B741DF4B8F6}.Debug|x86.Build.0 = Debug|Any CPU
		{443CF20B-2EC3-4E17-ACED-0B741DF4B8F6}.Release|Any CPU.ActiveCfg = Release|Any CPU
		{443CF20B-2EC3-4E17-ACED-0B741DF4B8F6}.Release|Any CPU.Build.0 = Release|Any CPU
		{443CF20B-2EC3-4E17-ACED-0B741DF4B8F6}.Release|x86.ActiveCfg = Release|Any CPU
		{443CF20B-2EC3-4E17-ACED-0B741DF4B8F6}.Release|x86.Build.0 = Release|Any CPU
		{0F38DD6F-9BC0-480B-8695-6F50ACB8A8C7}.Debug|Any CPU.ActiveCfg = Debug|Any CPU
		{0F38DD6F-9BC0-480B-8695-6F50ACB8A8C7}.Debug|Any CPU.Build.0 = Debug|Any CPU
		{0F38DD6F-9BC0-480B-8695-6F50ACB8A8C7}.Debug|x86.ActiveCfg = Debug|Any CPU
		{0F38DD6F-9BC0-480B-8695-6F50ACB8A8C7}.Debug|x86.Build.0 = Debug|Any CPU
		{0F38DD6F-9BC0-480B-8695-6F50ACB8A8C7}.Release|Any CPU.ActiveCfg = Release|Any CPU
		{0F38DD6F-9BC0-480B-8695-6F50ACB8A8C7}.Release|Any CPU.Build.0 = Release|Any CPU
		{0F38DD6F-9BC0-480B-8695-6F50ACB8A8C7}.Release|x86.ActiveCfg = Release|Any CPU
		{0F38DD6F-9BC0-480B-8695-6F50ACB8A8C7}.Release|x86.Build.0 = Release|Any CPU
		{1C914F57-4742-47F0-A9B4-9901EFCB2A7F}.Debug|Any CPU.ActiveCfg = Debug|Any CPU
		{1C914F57-4742-47F0-A9B4-9901EFCB2A7F}.Debug|Any CPU.Build.0 = Debug|Any CPU
		{1C914F57-4742-47F0-A9B4-9901EFCB2A7F}.Debug|x86.ActiveCfg = Debug|x86
		{1C914F57-4742-47F0-A9B4-9901EFCB2A7F}.Debug|x86.Build.0 = Debug|x86
		{1C914F57-4742-47F0-A9B4-9901EFCB2A7F}.Release|Any CPU.ActiveCfg = Release|Any CPU
		{1C914F57-4742-47F0-A9B4-9901EFCB2A7F}.Release|Any CPU.Build.0 = Release|Any CPU
		{1C914F57-4742-47F0-A9B4-9901EFCB2A7F}.Release|x86.ActiveCfg = Release|x86
		{1C914F57-4742-47F0-A9B4-9901EFCB2A7F}.Release|x86.Build.0 = Release|x86
		{4F0B517E-97AF-4FD0-926B-E5399DDC8679}.Debug|Any CPU.ActiveCfg = Debug|Any CPU
		{4F0B517E-97AF-4FD0-926B-E5399DDC8679}.Debug|Any CPU.Build.0 = Debug|Any CPU
		{4F0B517E-97AF-4FD0-926B-E5399DDC8679}.Debug|x86.ActiveCfg = Debug|x86
		{4F0B517E-97AF-4FD0-926B-E5399DDC8679}.Debug|x86.Build.0 = Debug|x86
		{4F0B517E-97AF-4FD0-926B-E5399DDC8679}.Release|Any CPU.ActiveCfg = Release|Any CPU
		{4F0B517E-97AF-4FD0-926B-E5399DDC8679}.Release|Any CPU.Build.0 = Release|Any CPU
		{4F0B517E-97AF-4FD0-926B-E5399DDC8679}.Release|x86.ActiveCfg = Release|x86
		{4F0B517E-97AF-4FD0-926B-E5399DDC8679}.Release|x86.Build.0 = Release|x86
		{C85AB87C-C280-4B47-8717-7100A0E0189F}.Debug|Any CPU.ActiveCfg = Debug|Any CPU
		{C85AB87C-C280-4B47-8717-7100A0E0189F}.Debug|Any CPU.Build.0 = Debug|Any CPU
		{C85AB87C-C280-4B47-8717-7100A0E0189F}.Debug|x86.ActiveCfg = Debug|x86
		{C85AB87C-C280-4B47-8717-7100A0E0189F}.Debug|x86.Build.0 = Debug|x86
		{C85AB87C-C280-4B47-8717-7100A0E0189F}.Release|Any CPU.ActiveCfg = Release|Any CPU
		{C85AB87C-C280-4B47-8717-7100A0E0189F}.Release|Any CPU.Build.0 = Release|Any CPU
		{C85AB87C-C280-4B47-8717-7100A0E0189F}.Release|x86.ActiveCfg = Release|x86
		{C85AB87C-C280-4B47-8717-7100A0E0189F}.Release|x86.Build.0 = Release|x86
		{42A52734-A94F-4E75-8A2B-1FA92A5BDF29}.Debug|Any CPU.ActiveCfg = Debug|Any CPU
		{42A52734-A94F-4E75-8A2B-1FA92A5BDF29}.Debug|Any CPU.Build.0 = Debug|Any CPU
		{42A52734-A94F-4E75-8A2B-1FA92A5BDF29}.Debug|x86.ActiveCfg = Debug|x86
		{42A52734-A94F-4E75-8A2B-1FA92A5BDF29}.Debug|x86.Build.0 = Debug|x86
		{42A52734-A94F-4E75-8A2B-1FA92A5BDF29}.Release|Any CPU.ActiveCfg = Release|Any CPU
		{42A52734-A94F-4E75-8A2B-1FA92A5BDF29}.Release|Any CPU.Build.0 = Release|Any CPU
		{42A52734-A94F-4E75-8A2B-1FA92A5BDF29}.Release|x86.ActiveCfg = Release|x86
		{42A52734-A94F-4E75-8A2B-1FA92A5BDF29}.Release|x86.Build.0 = Release|x86
		{6510398D-7573-46B0-BF50-FE69C65D65CB}.Debug|Any CPU.ActiveCfg = Debug|Any CPU
		{6510398D-7573-46B0-BF50-FE69C65D65CB}.Debug|Any CPU.Build.0 = Debug|Any CPU
		{6510398D-7573-46B0-BF50-FE69C65D65CB}.Debug|x86.ActiveCfg = Debug|x86
		{6510398D-7573-46B0-BF50-FE69C65D65CB}.Debug|x86.Build.0 = Debug|x86
		{6510398D-7573-46B0-BF50-FE69C65D65CB}.Release|Any CPU.ActiveCfg = Release|Any CPU
		{6510398D-7573-46B0-BF50-FE69C65D65CB}.Release|Any CPU.Build.0 = Release|Any CPU
		{6510398D-7573-46B0-BF50-FE69C65D65CB}.Release|x86.ActiveCfg = Release|x86
		{6510398D-7573-46B0-BF50-FE69C65D65CB}.Release|x86.Build.0 = Release|x86
		{E79AEFAC-9BE5-4AE7-A8AE-9EB619A5B4E8}.Debug|Any CPU.ActiveCfg = Debug|Any CPU
		{E79AEFAC-9BE5-4AE7-A8AE-9EB619A5B4E8}.Debug|Any CPU.Build.0 = Debug|Any CPU
		{E79AEFAC-9BE5-4AE7-A8AE-9EB619A5B4E8}.Debug|x86.ActiveCfg = Debug|x86
		{E79AEFAC-9BE5-4AE7-A8AE-9EB619A5B4E8}.Debug|x86.Build.0 = Debug|x86
		{E79AEFAC-9BE5-4AE7-A8AE-9EB619A5B4E8}.Release|Any CPU.ActiveCfg = Release|Any CPU
		{E79AEFAC-9BE5-4AE7-A8AE-9EB619A5B4E8}.Release|Any CPU.Build.0 = Release|Any CPU
		{E79AEFAC-9BE5-4AE7-A8AE-9EB619A5B4E8}.Release|x86.ActiveCfg = Release|x86
		{E79AEFAC-9BE5-4AE7-A8AE-9EB619A5B4E8}.Release|x86.Build.0 = Release|x86
		{D0072D90-0D83-449B-9606-A6F1EA7A0D47}.Debug|Any CPU.ActiveCfg = Debug|Any CPU
		{D0072D90-0D83-449B-9606-A6F1EA7A0D47}.Debug|Any CPU.Build.0 = Debug|Any CPU
		{D0072D90-0D83-449B-9606-A6F1EA7A0D47}.Debug|x86.ActiveCfg = Debug|x86
		{D0072D90-0D83-449B-9606-A6F1EA7A0D47}.Debug|x86.Build.0 = Debug|x86
		{D0072D90-0D83-449B-9606-A6F1EA7A0D47}.Release|Any CPU.ActiveCfg = Release|Any CPU
		{D0072D90-0D83-449B-9606-A6F1EA7A0D47}.Release|Any CPU.Build.0 = Release|Any CPU
		{D0072D90-0D83-449B-9606-A6F1EA7A0D47}.Release|x86.ActiveCfg = Release|x86
		{D0072D90-0D83-449B-9606-A6F1EA7A0D47}.Release|x86.Build.0 = Release|x86
		{E759AB5F-ED26-4D45-A66B-2023991E5A2E}.Debug|Any CPU.ActiveCfg = Debug|Any CPU
		{E759AB5F-ED26-4D45-A66B-2023991E5A2E}.Debug|Any CPU.Build.0 = Debug|Any CPU
		{E759AB5F-ED26-4D45-A66B-2023991E5A2E}.Debug|x86.ActiveCfg = Debug|x86
		{E759AB5F-ED26-4D45-A66B-2023991E5A2E}.Debug|x86.Build.0 = Debug|x86
		{E759AB5F-ED26-4D45-A66B-2023991E5A2E}.Release|Any CPU.ActiveCfg = Release|Any CPU
		{E759AB5F-ED26-4D45-A66B-2023991E5A2E}.Release|Any CPU.Build.0 = Release|Any CPU
		{E759AB5F-ED26-4D45-A66B-2023991E5A2E}.Release|x86.ActiveCfg = Release|x86
		{E759AB5F-ED26-4D45-A66B-2023991E5A2E}.Release|x86.Build.0 = Release|x86
		{EF64D212-B68B-43F1-BA4F-F0A7A7C31BDA}.Debug|Any CPU.ActiveCfg = Debug|Any CPU
		{EF64D212-B68B-43F1-BA4F-F0A7A7C31BDA}.Debug|Any CPU.Build.0 = Debug|Any CPU
		{EF64D212-B68B-43F1-BA4F-F0A7A7C31BDA}.Debug|x86.ActiveCfg = Debug|x86
		{EF64D212-B68B-43F1-BA4F-F0A7A7C31BDA}.Debug|x86.Build.0 = Debug|x86
		{EF64D212-B68B-43F1-BA4F-F0A7A7C31BDA}.Release|Any CPU.ActiveCfg = Release|Any CPU
		{EF64D212-B68B-43F1-BA4F-F0A7A7C31BDA}.Release|Any CPU.Build.0 = Release|Any CPU
		{EF64D212-B68B-43F1-BA4F-F0A7A7C31BDA}.Release|x86.ActiveCfg = Release|x86
		{EF64D212-B68B-43F1-BA4F-F0A7A7C31BDA}.Release|x86.Build.0 = Release|x86
		{A55FFCF0-C4D3-4CC3-8DD5-B6A4748049EC}.Debug|Any CPU.ActiveCfg = Debug|Any CPU
		{A55FFCF0-C4D3-4CC3-8DD5-B6A4748049EC}.Debug|Any CPU.Build.0 = Debug|Any CPU
		{A55FFCF0-C4D3-4CC3-8DD5-B6A4748049EC}.Debug|x86.ActiveCfg = Debug|x86
		{A55FFCF0-C4D3-4CC3-8DD5-B6A4748049EC}.Debug|x86.Build.0 = Debug|x86
		{A55FFCF0-C4D3-4CC3-8DD5-B6A4748049EC}.Release|Any CPU.ActiveCfg = Release|Any CPU
		{A55FFCF0-C4D3-4CC3-8DD5-B6A4748049EC}.Release|Any CPU.Build.0 = Release|Any CPU
		{A55FFCF0-C4D3-4CC3-8DD5-B6A4748049EC}.Release|x86.ActiveCfg = Release|x86
		{A55FFCF0-C4D3-4CC3-8DD5-B6A4748049EC}.Release|x86.Build.0 = Release|x86
		{B6C4F826-185A-49FB-82AD-195A7B05759F}.Debug|Any CPU.ActiveCfg = Debug|Any CPU
		{B6C4F826-185A-49FB-82AD-195A7B05759F}.Debug|Any CPU.Build.0 = Debug|Any CPU
		{B6C4F826-185A-49FB-82AD-195A7B05759F}.Debug|x86.ActiveCfg = Debug|x86
		{B6C4F826-185A-49FB-82AD-195A7B05759F}.Debug|x86.Build.0 = Debug|x86
		{B6C4F826-185A-49FB-82AD-195A7B05759F}.Release|Any CPU.ActiveCfg = Release|Any CPU
		{B6C4F826-185A-49FB-82AD-195A7B05759F}.Release|Any CPU.Build.0 = Release|Any CPU
		{B6C4F826-185A-49FB-82AD-195A7B05759F}.Release|x86.ActiveCfg = Release|x86
		{B6C4F826-185A-49FB-82AD-195A7B05759F}.Release|x86.Build.0 = Release|x86
		{C0E57D7C-A68F-4F92-99DF-397653CA0332}.Debug|Any CPU.ActiveCfg = Debug|Any CPU
		{C0E57D7C-A68F-4F92-99DF-397653CA0332}.Debug|Any CPU.Build.0 = Debug|Any CPU
		{C0E57D7C-A68F-4F92-99DF-397653CA0332}.Debug|x86.ActiveCfg = Debug|Any CPU
		{C0E57D7C-A68F-4F92-99DF-397653CA0332}.Debug|x86.Build.0 = Debug|Any CPU
		{C0E57D7C-A68F-4F92-99DF-397653CA0332}.Release|Any CPU.ActiveCfg = Release|Any CPU
		{C0E57D7C-A68F-4F92-99DF-397653CA0332}.Release|Any CPU.Build.0 = Release|Any CPU
		{C0E57D7C-A68F-4F92-99DF-397653CA0332}.Release|x86.ActiveCfg = Release|Any CPU
		{C0E57D7C-A68F-4F92-99DF-397653CA0332}.Release|x86.Build.0 = Release|Any CPU
		{6753AEE5-C03F-4C97-AC2B-4BCA5144DF0D}.Debug|Any CPU.ActiveCfg = Debug|Any CPU
		{6753AEE5-C03F-4C97-AC2B-4BCA5144DF0D}.Debug|Any CPU.Build.0 = Debug|Any CPU
		{6753AEE5-C03F-4C97-AC2B-4BCA5144DF0D}.Debug|x86.ActiveCfg = Debug|x86
		{6753AEE5-C03F-4C97-AC2B-4BCA5144DF0D}.Debug|x86.Build.0 = Debug|x86
		{6753AEE5-C03F-4C97-AC2B-4BCA5144DF0D}.Release|Any CPU.ActiveCfg = Release|Any CPU
		{6753AEE5-C03F-4C97-AC2B-4BCA5144DF0D}.Release|Any CPU.Build.0 = Release|Any CPU
		{6753AEE5-C03F-4C97-AC2B-4BCA5144DF0D}.Release|x86.ActiveCfg = Release|x86
		{6753AEE5-C03F-4C97-AC2B-4BCA5144DF0D}.Release|x86.Build.0 = Release|x86
		{74754094-B8FE-4177-9C80-676B74190015}.Debug|Any CPU.ActiveCfg = Debug|Any CPU
		{74754094-B8FE-4177-9C80-676B74190015}.Debug|Any CPU.Build.0 = Debug|Any CPU
		{74754094-B8FE-4177-9C80-676B74190015}.Debug|x86.ActiveCfg = Debug|x86
		{74754094-B8FE-4177-9C80-676B74190015}.Debug|x86.Build.0 = Debug|x86
		{74754094-B8FE-4177-9C80-676B74190015}.Release|Any CPU.ActiveCfg = Release|Any CPU
		{74754094-B8FE-4177-9C80-676B74190015}.Release|Any CPU.Build.0 = Release|Any CPU
		{74754094-B8FE-4177-9C80-676B74190015}.Release|x86.ActiveCfg = Release|x86
		{74754094-B8FE-4177-9C80-676B74190015}.Release|x86.Build.0 = Release|x86
		{817EB41B-386A-4E93-B799-8175C5FF74BC}.Debug|Any CPU.ActiveCfg = Debug|Any CPU
		{817EB41B-386A-4E93-B799-8175C5FF74BC}.Debug|Any CPU.Build.0 = Debug|Any CPU
		{817EB41B-386A-4E93-B799-8175C5FF74BC}.Debug|x86.ActiveCfg = Debug|Any CPU
		{817EB41B-386A-4E93-B799-8175C5FF74BC}.Debug|x86.Build.0 = Debug|Any CPU
		{817EB41B-386A-4E93-B799-8175C5FF74BC}.Release|Any CPU.ActiveCfg = Release|Any CPU
		{817EB41B-386A-4E93-B799-8175C5FF74BC}.Release|Any CPU.Build.0 = Release|Any CPU
		{817EB41B-386A-4E93-B799-8175C5FF74BC}.Release|x86.ActiveCfg = Release|Any CPU
		{817EB41B-386A-4E93-B799-8175C5FF74BC}.Release|x86.Build.0 = Release|Any CPU
		{A685522E-1383-4F8C-B0AB-429EE56268C5}.Debug|Any CPU.ActiveCfg = Debug|Any CPU
		{A685522E-1383-4F8C-B0AB-429EE56268C5}.Debug|Any CPU.Build.0 = Debug|Any CPU
		{A685522E-1383-4F8C-B0AB-429EE56268C5}.Debug|x86.ActiveCfg = Debug|Any CPU
		{A685522E-1383-4F8C-B0AB-429EE56268C5}.Debug|x86.Build.0 = Debug|Any CPU
		{A685522E-1383-4F8C-B0AB-429EE56268C5}.Release|Any CPU.ActiveCfg = Release|Any CPU
		{A685522E-1383-4F8C-B0AB-429EE56268C5}.Release|Any CPU.Build.0 = Release|Any CPU
		{A685522E-1383-4F8C-B0AB-429EE56268C5}.Release|x86.ActiveCfg = Release|Any CPU
		{A685522E-1383-4F8C-B0AB-429EE56268C5}.Release|x86.Build.0 = Release|Any CPU
	EndGlobalSection
	GlobalSection(SolutionProperties) = preSolution
		HideSolutionNode = FALSE
	EndGlobalSection
	GlobalSection(NestedProjects) = preSolution
		{1C914F57-4742-47F0-A9B4-9901EFCB2A7F} = {DF5714F2-E456-430D-918C-7632A0916AF6}
		{4F0B517E-97AF-4FD0-926B-E5399DDC8679} = {DF5714F2-E456-430D-918C-7632A0916AF6}
		{C85AB87C-C280-4B47-8717-7100A0E0189F} = {DF5714F2-E456-430D-918C-7632A0916AF6}
		{42A52734-A94F-4E75-8A2B-1FA92A5BDF29} = {DF5714F2-E456-430D-918C-7632A0916AF6}
		{6510398D-7573-46B0-BF50-FE69C65D65CB} = {DF5714F2-E456-430D-918C-7632A0916AF6}
		{E79AEFAC-9BE5-4AE7-A8AE-9EB619A5B4E8} = {DF5714F2-E456-430D-918C-7632A0916AF6}
		{D0072D90-0D83-449B-9606-A6F1EA7A0D47} = {DF5714F2-E456-430D-918C-7632A0916AF6}
		{E759AB5F-ED26-4D45-A66B-2023991E5A2E} = {DF5714F2-E456-430D-918C-7632A0916AF6}
		{F5E340C8-5EE5-4B48-8CA2-DA432265B659} = {DF5714F2-E456-430D-918C-7632A0916AF6}
		{EF64D212-B68B-43F1-BA4F-F0A7A7C31BDA} = {F5E340C8-5EE5-4B48-8CA2-DA432265B659}
		{A55FFCF0-C4D3-4CC3-8DD5-B6A4748049EC} = {F5E340C8-5EE5-4B48-8CA2-DA432265B659}
		{B6C4F826-185A-49FB-82AD-195A7B05759F} = {DF5714F2-E456-430D-918C-7632A0916AF6}
		{C0E57D7C-A68F-4F92-99DF-397653CA0332} = {DF5714F2-E456-430D-918C-7632A0916AF6}
		{6753AEE5-C03F-4C97-AC2B-4BCA5144DF0D} = {DF5714F2-E456-430D-918C-7632A0916AF6}
		{74754094-B8FE-4177-9C80-676B74190015} = {DF5714F2-E456-430D-918C-7632A0916AF6}
		{817EB41B-386A-4E93-B799-8175C5FF74BC} = {DF5714F2-E456-430D-918C-7632A0916AF6}
		{A685522E-1383-4F8C-B0AB-429EE56268C5} = {F9A5857A-6111-4CD0-933E-B8D9A4DDC6F2}
	EndGlobalSection
	GlobalSection(ExtensibilityGlobals) = postSolution
		SolutionGuid = {1396D476-5F35-4051-8A0D-999E951D06A7}
	EndGlobalSection
EndGlobal
