
Microsoft Visual Studio Solution File, Format Version 12.00
# Visual Studio 2013
VisualStudioVersion = 12.0.31101.0
MinimumVisualStudioVersion = 10.0.40219.1
Project("{FAE04EC0-301F-11D3-BF4B-00C04F79EFBC}") = "CBot", "CBot\CBot.csproj", "{C734F450-74BA-4ECF-AB7B-3B5ED3E4CD76}"
EndProject
Project("{2150E333-8FDC-42A3-9474-1A3956D46DE8}") = "Plugins", "Plugins", "{0AE309FE-E1B4-45BE-9094-1184B9A16DA9}"
EndProject
Project("{FAE04EC0-301F-11D3-BF4B-00C04F79EFBC}") = "Identify", "Plugins\Identify\Identify.csproj", "{6753AEE5-C03F-4C97-AC2B-4BCA5144DF0D}"
EndProject
Project("{FAE04EC0-301F-11D3-BF4B-00C04F79EFBC}") = "BotControl", "Plugins\BotControl\BotControl.csproj", "{6510398D-7573-46B0-BF50-FE69C65D65CB}"
EndProject
Project("{FAE04EC0-301F-11D3-BF4B-00C04F79EFBC}") = "Plugin Manager", "Plugins\Plugin Manager\Plugin Manager.csproj", "{74754094-B8FE-4177-9C80-676B74190015}"
EndProject
Project("{FAE04EC0-301F-11D3-BF4B-00C04F79EFBC}") = "Bash Quotes", "Plugins\Bash Quotes\Bash Quotes.csproj", "{1C914F57-4742-47F0-A9B4-9901EFCB2A7F}"
EndProject
Project("{FAE04EC0-301F-11D3-BF4B-00C04F79EFBC}") = "BattleBot", "Plugins\BattleBot\BattleBot.csproj", "{C85AB87C-C280-4B47-8717-7100A0E0189F}"
EndProject
Project("{FAE04EC0-301F-11D3-BF4B-00C04F79EFBC}") = "ChannelNotifier", "Plugins\ChannelNotifier\ChannelNotifier.csproj", "{E79AEFAC-9BE5-4AE7-A8AE-9EB619A5B4E8}"
EndProject
Project("{FAE04EC0-301F-11D3-BF4B-00C04F79EFBC}") = "FAQ", "Plugins\FAQ\FAQ.csproj", "{E759AB5F-ED26-4D45-A66B-2023991E5A2E}"
EndProject
Project("{2150E333-8FDC-42A3-9474-1A3956D46DE8}") = "Games", "Games", "{1D401810-A843-47FE-9C92-A7ECFE85FE52}"
EndProject
Project("{FAE04EC0-301F-11D3-BF4B-00C04F79EFBC}") = "UNO", "Plugins\Games\UNO\UNO.csproj", "{A55FFCF0-C4D3-4CC3-8DD5-B6A4748049EC}"
EndProject
Project("{FAE04EC0-301F-11D3-BF4B-00C04F79EFBC}") = "Gender", "Plugins\Gender\Gender.csproj", "{B6C4F826-185A-49FB-82AD-195A7B05759F}"
EndProject
Project("{FAE04EC0-301F-11D3-BF4B-00C04F79EFBC}") = "Monopoly", "Plugins\Games\Monopoly\Monopoly.csproj", "{D894AFD5-993F-4484-A3AF-EAA729F46C6E}"
EndProject
Project("{FAE04EC0-301F-11D3-BF4B-00C04F79EFBC}") = "Greedy Dice", "Plugins\Games\Greedy Dice\Greedy Dice.csproj", "{EF64D212-B68B-43F1-BA4F-F0A7A7C31BDA}"
EndProject
Project("{FAE04EC0-301F-11D3-BF4B-00C04F79EFBC}") = "CommandManager", "Plugins\CommandManager\CommandManager.csproj", "{D0072D90-0D83-449B-9606-A6F1EA7A0D47}"
EndProject
Project("{FAE04EC0-301F-11D3-BF4B-00C04F79EFBC}") = "BombDefense", "Plugins\BombDefense\BombDefense.csproj", "{42A52734-A94F-4E75-8A2B-1FA92A5BDF29}"
EndProject
Global
	GlobalSection(SolutionConfigurationPlatforms) = preSolution
		Debug|Any CPU = Debug|Any CPU
		Debug|Mixed Platforms = Debug|Mixed Platforms
		Debug|x86 = Debug|x86
		Release|Any CPU = Release|Any CPU
		Release|Mixed Platforms = Release|Mixed Platforms
		Release|x86 = Release|x86
	EndGlobalSection
	GlobalSection(ProjectConfigurationPlatforms) = postSolution
		{C734F450-74BA-4ECF-AB7B-3B5ED3E4CD76}.Debug|Any CPU.ActiveCfg = Debug|x86
		{C734F450-74BA-4ECF-AB7B-3B5ED3E4CD76}.Debug|Any CPU.Build.0 = Debug|x86
		{C734F450-74BA-4ECF-AB7B-3B5ED3E4CD76}.Debug|Mixed Platforms.ActiveCfg = Debug|x86
		{C734F450-74BA-4ECF-AB7B-3B5ED3E4CD76}.Debug|Mixed Platforms.Build.0 = Debug|x86
		{C734F450-74BA-4ECF-AB7B-3B5ED3E4CD76}.Debug|x86.ActiveCfg = Debug|x86
		{C734F450-74BA-4ECF-AB7B-3B5ED3E4CD76}.Debug|x86.Build.0 = Debug|x86
		{C734F450-74BA-4ECF-AB7B-3B5ED3E4CD76}.Release|Any CPU.ActiveCfg = Release|x86
		{C734F450-74BA-4ECF-AB7B-3B5ED3E4CD76}.Release|Mixed Platforms.ActiveCfg = Release|x86
		{C734F450-74BA-4ECF-AB7B-3B5ED3E4CD76}.Release|Mixed Platforms.Build.0 = Release|x86
		{C734F450-74BA-4ECF-AB7B-3B5ED3E4CD76}.Release|x86.ActiveCfg = Release|x86
		{C734F450-74BA-4ECF-AB7B-3B5ED3E4CD76}.Release|x86.Build.0 = Release|x86
		{6753AEE5-C03F-4C97-AC2B-4BCA5144DF0D}.Debug|Any CPU.ActiveCfg = Debug|Any CPU
		{6753AEE5-C03F-4C97-AC2B-4BCA5144DF0D}.Debug|Any CPU.Build.0 = Debug|Any CPU
		{6753AEE5-C03F-4C97-AC2B-4BCA5144DF0D}.Debug|Mixed Platforms.ActiveCfg = Debug|Any CPU
		{6753AEE5-C03F-4C97-AC2B-4BCA5144DF0D}.Debug|Mixed Platforms.Build.0 = Debug|Any CPU
		{6753AEE5-C03F-4C97-AC2B-4BCA5144DF0D}.Debug|x86.ActiveCfg = Debug|x86
		{6753AEE5-C03F-4C97-AC2B-4BCA5144DF0D}.Debug|x86.Build.0 = Debug|x86
		{6753AEE5-C03F-4C97-AC2B-4BCA5144DF0D}.Release|Any CPU.ActiveCfg = Release|Any CPU
		{6753AEE5-C03F-4C97-AC2B-4BCA5144DF0D}.Release|Any CPU.Build.0 = Release|Any CPU
		{6753AEE5-C03F-4C97-AC2B-4BCA5144DF0D}.Release|Mixed Platforms.ActiveCfg = Release|Any CPU
		{6753AEE5-C03F-4C97-AC2B-4BCA5144DF0D}.Release|Mixed Platforms.Build.0 = Release|Any CPU
		{6753AEE5-C03F-4C97-AC2B-4BCA5144DF0D}.Release|x86.ActiveCfg = Release|Any CPU
		{6510398D-7573-46B0-BF50-FE69C65D65CB}.Debug|Any CPU.ActiveCfg = Debug|Any CPU
		{6510398D-7573-46B0-BF50-FE69C65D65CB}.Debug|Any CPU.Build.0 = Debug|Any CPU
		{6510398D-7573-46B0-BF50-FE69C65D65CB}.Debug|Mixed Platforms.ActiveCfg = Debug|Any CPU
		{6510398D-7573-46B0-BF50-FE69C65D65CB}.Debug|Mixed Platforms.Build.0 = Debug|Any CPU
		{6510398D-7573-46B0-BF50-FE69C65D65CB}.Debug|x86.ActiveCfg = Debug|x86
		{6510398D-7573-46B0-BF50-FE69C65D65CB}.Debug|x86.Build.0 = Debug|x86
		{6510398D-7573-46B0-BF50-FE69C65D65CB}.Release|Any CPU.ActiveCfg = Release|Any CPU
		{6510398D-7573-46B0-BF50-FE69C65D65CB}.Release|Any CPU.Build.0 = Release|Any CPU
		{6510398D-7573-46B0-BF50-FE69C65D65CB}.Release|Mixed Platforms.ActiveCfg = Release|Any CPU
		{6510398D-7573-46B0-BF50-FE69C65D65CB}.Release|Mixed Platforms.Build.0 = Release|Any CPU
		{6510398D-7573-46B0-BF50-FE69C65D65CB}.Release|x86.ActiveCfg = Release|Any CPU
		{74754094-B8FE-4177-9C80-676B74190015}.Debug|Any CPU.ActiveCfg = Debug|Any CPU
		{74754094-B8FE-4177-9C80-676B74190015}.Debug|Any CPU.Build.0 = Debug|Any CPU
		{74754094-B8FE-4177-9C80-676B74190015}.Debug|Mixed Platforms.ActiveCfg = Debug|Any CPU
		{74754094-B8FE-4177-9C80-676B74190015}.Debug|Mixed Platforms.Build.0 = Debug|Any CPU
		{74754094-B8FE-4177-9C80-676B74190015}.Debug|x86.ActiveCfg = Debug|x86
		{74754094-B8FE-4177-9C80-676B74190015}.Debug|x86.Build.0 = Debug|x86
		{74754094-B8FE-4177-9C80-676B74190015}.Release|Any CPU.ActiveCfg = Release|Any CPU
		{74754094-B8FE-4177-9C80-676B74190015}.Release|Any CPU.Build.0 = Release|Any CPU
		{74754094-B8FE-4177-9C80-676B74190015}.Release|Mixed Platforms.ActiveCfg = Release|Any CPU
		{74754094-B8FE-4177-9C80-676B74190015}.Release|Mixed Platforms.Build.0 = Release|Any CPU
		{74754094-B8FE-4177-9C80-676B74190015}.Release|x86.ActiveCfg = Release|Any CPU
		{1C914F57-4742-47F0-A9B4-9901EFCB2A7F}.Debug|Any CPU.ActiveCfg = Debug|Any CPU
		{1C914F57-4742-47F0-A9B4-9901EFCB2A7F}.Debug|Any CPU.Build.0 = Debug|Any CPU
		{1C914F57-4742-47F0-A9B4-9901EFCB2A7F}.Debug|Mixed Platforms.ActiveCfg = Debug|Any CPU
		{1C914F57-4742-47F0-A9B4-9901EFCB2A7F}.Debug|Mixed Platforms.Build.0 = Debug|Any CPU
		{1C914F57-4742-47F0-A9B4-9901EFCB2A7F}.Debug|x86.ActiveCfg = Debug|x86
		{1C914F57-4742-47F0-A9B4-9901EFCB2A7F}.Debug|x86.Build.0 = Debug|x86
		{1C914F57-4742-47F0-A9B4-9901EFCB2A7F}.Release|Any CPU.ActiveCfg = Release|Any CPU
		{1C914F57-4742-47F0-A9B4-9901EFCB2A7F}.Release|Any CPU.Build.0 = Release|Any CPU
		{1C914F57-4742-47F0-A9B4-9901EFCB2A7F}.Release|Mixed Platforms.ActiveCfg = Release|Any CPU
		{1C914F57-4742-47F0-A9B4-9901EFCB2A7F}.Release|Mixed Platforms.Build.0 = Release|Any CPU
		{1C914F57-4742-47F0-A9B4-9901EFCB2A7F}.Release|x86.ActiveCfg = Release|Any CPU
		{C85AB87C-C280-4B47-8717-7100A0E0189F}.Debug|Any CPU.ActiveCfg = Debug|Any CPU
		{C85AB87C-C280-4B47-8717-7100A0E0189F}.Debug|Any CPU.Build.0 = Debug|Any CPU
		{C85AB87C-C280-4B47-8717-7100A0E0189F}.Debug|Mixed Platforms.ActiveCfg = Debug|Any CPU
		{C85AB87C-C280-4B47-8717-7100A0E0189F}.Debug|Mixed Platforms.Build.0 = Debug|Any CPU
		{C85AB87C-C280-4B47-8717-7100A0E0189F}.Debug|x86.ActiveCfg = Debug|x86
		{C85AB87C-C280-4B47-8717-7100A0E0189F}.Debug|x86.Build.0 = Debug|x86
		{C85AB87C-C280-4B47-8717-7100A0E0189F}.Release|Any CPU.ActiveCfg = Release|Any CPU
		{C85AB87C-C280-4B47-8717-7100A0E0189F}.Release|Any CPU.Build.0 = Release|Any CPU
		{C85AB87C-C280-4B47-8717-7100A0E0189F}.Release|Mixed Platforms.ActiveCfg = Release|Any CPU
		{C85AB87C-C280-4B47-8717-7100A0E0189F}.Release|Mixed Platforms.Build.0 = Release|Any CPU
		{C85AB87C-C280-4B47-8717-7100A0E0189F}.Release|x86.ActiveCfg = Release|Any CPU
		{E79AEFAC-9BE5-4AE7-A8AE-9EB619A5B4E8}.Debug|Any CPU.ActiveCfg = Debug|Any CPU
		{E79AEFAC-9BE5-4AE7-A8AE-9EB619A5B4E8}.Debug|Any CPU.Build.0 = Debug|Any CPU
		{E79AEFAC-9BE5-4AE7-A8AE-9EB619A5B4E8}.Debug|Mixed Platforms.ActiveCfg = Debug|Any CPU
		{E79AEFAC-9BE5-4AE7-A8AE-9EB619A5B4E8}.Debug|Mixed Platforms.Build.0 = Debug|Any CPU
		{E79AEFAC-9BE5-4AE7-A8AE-9EB619A5B4E8}.Debug|x86.ActiveCfg = Debug|x86
		{E79AEFAC-9BE5-4AE7-A8AE-9EB619A5B4E8}.Debug|x86.Build.0 = Debug|x86
		{E79AEFAC-9BE5-4AE7-A8AE-9EB619A5B4E8}.Release|Any CPU.ActiveCfg = Release|Any CPU
		{E79AEFAC-9BE5-4AE7-A8AE-9EB619A5B4E8}.Release|Any CPU.Build.0 = Release|Any CPU
		{E79AEFAC-9BE5-4AE7-A8AE-9EB619A5B4E8}.Release|Mixed Platforms.ActiveCfg = Release|Any CPU
		{E79AEFAC-9BE5-4AE7-A8AE-9EB619A5B4E8}.Release|Mixed Platforms.Build.0 = Release|Any CPU
		{E79AEFAC-9BE5-4AE7-A8AE-9EB619A5B4E8}.Release|x86.ActiveCfg = Release|Any CPU
		{E759AB5F-ED26-4D45-A66B-2023991E5A2E}.Debug|Any CPU.ActiveCfg = Debug|Any CPU
		{E759AB5F-ED26-4D45-A66B-2023991E5A2E}.Debug|Any CPU.Build.0 = Debug|Any CPU
		{E759AB5F-ED26-4D45-A66B-2023991E5A2E}.Debug|Mixed Platforms.ActiveCfg = Debug|Any CPU
		{E759AB5F-ED26-4D45-A66B-2023991E5A2E}.Debug|Mixed Platforms.Build.0 = Debug|Any CPU
		{E759AB5F-ED26-4D45-A66B-2023991E5A2E}.Debug|x86.ActiveCfg = Debug|x86
		{E759AB5F-ED26-4D45-A66B-2023991E5A2E}.Debug|x86.Build.0 = Debug|x86
		{E759AB5F-ED26-4D45-A66B-2023991E5A2E}.Release|Any CPU.ActiveCfg = Release|Any CPU
		{E759AB5F-ED26-4D45-A66B-2023991E5A2E}.Release|Any CPU.Build.0 = Release|Any CPU
		{E759AB5F-ED26-4D45-A66B-2023991E5A2E}.Release|Mixed Platforms.ActiveCfg = Release|Any CPU
		{E759AB5F-ED26-4D45-A66B-2023991E5A2E}.Release|Mixed Platforms.Build.0 = Release|Any CPU
		{E759AB5F-ED26-4D45-A66B-2023991E5A2E}.Release|x86.ActiveCfg = Release|Any CPU
		{A55FFCF0-C4D3-4CC3-8DD5-B6A4748049EC}.Debug|Any CPU.ActiveCfg = Debug|Any CPU
		{A55FFCF0-C4D3-4CC3-8DD5-B6A4748049EC}.Debug|Any CPU.Build.0 = Debug|Any CPU
		{A55FFCF0-C4D3-4CC3-8DD5-B6A4748049EC}.Debug|Mixed Platforms.ActiveCfg = Debug|Any CPU
		{A55FFCF0-C4D3-4CC3-8DD5-B6A4748049EC}.Debug|Mixed Platforms.Build.0 = Debug|Any CPU
		{A55FFCF0-C4D3-4CC3-8DD5-B6A4748049EC}.Debug|x86.ActiveCfg = Debug|x86
		{A55FFCF0-C4D3-4CC3-8DD5-B6A4748049EC}.Debug|x86.Build.0 = Debug|x86
		{A55FFCF0-C4D3-4CC3-8DD5-B6A4748049EC}.Release|Any CPU.ActiveCfg = Release|Any CPU
		{A55FFCF0-C4D3-4CC3-8DD5-B6A4748049EC}.Release|Any CPU.Build.0 = Release|Any CPU
		{A55FFCF0-C4D3-4CC3-8DD5-B6A4748049EC}.Release|Mixed Platforms.ActiveCfg = Release|Any CPU
		{A55FFCF0-C4D3-4CC3-8DD5-B6A4748049EC}.Release|Mixed Platforms.Build.0 = Release|Any CPU
		{A55FFCF0-C4D3-4CC3-8DD5-B6A4748049EC}.Release|x86.ActiveCfg = Release|Any CPU
		{B6C4F826-185A-49FB-82AD-195A7B05759F}.Debug|Any CPU.ActiveCfg = Debug|Any CPU
		{B6C4F826-185A-49FB-82AD-195A7B05759F}.Debug|Any CPU.Build.0 = Debug|Any CPU
		{B6C4F826-185A-49FB-82AD-195A7B05759F}.Debug|Mixed Platforms.ActiveCfg = Debug|Any CPU
		{B6C4F826-185A-49FB-82AD-195A7B05759F}.Debug|Mixed Platforms.Build.0 = Debug|Any CPU
		{B6C4F826-185A-49FB-82AD-195A7B05759F}.Debug|x86.ActiveCfg = Debug|x86
		{B6C4F826-185A-49FB-82AD-195A7B05759F}.Debug|x86.Build.0 = Debug|x86
		{B6C4F826-185A-49FB-82AD-195A7B05759F}.Release|Any CPU.ActiveCfg = Release|Any CPU
		{B6C4F826-185A-49FB-82AD-195A7B05759F}.Release|Any CPU.Build.0 = Release|Any CPU
		{B6C4F826-185A-49FB-82AD-195A7B05759F}.Release|Mixed Platforms.ActiveCfg = Release|Any CPU
		{B6C4F826-185A-49FB-82AD-195A7B05759F}.Release|Mixed Platforms.Build.0 = Release|Any CPU
		{B6C4F826-185A-49FB-82AD-195A7B05759F}.Release|x86.ActiveCfg = Release|Any CPU
		{D894AFD5-993F-4484-A3AF-EAA729F46C6E}.Debug|Any CPU.ActiveCfg = Debug|Any CPU
		{D894AFD5-993F-4484-A3AF-EAA729F46C6E}.Debug|Any CPU.Build.0 = Debug|Any CPU
		{D894AFD5-993F-4484-A3AF-EAA729F46C6E}.Debug|Mixed Platforms.ActiveCfg = Debug|Any CPU
		{D894AFD5-993F-4484-A3AF-EAA729F46C6E}.Debug|Mixed Platforms.Build.0 = Debug|Any CPU
		{D894AFD5-993F-4484-A3AF-EAA729F46C6E}.Debug|x86.ActiveCfg = Debug|Any CPU
		{D894AFD5-993F-4484-A3AF-EAA729F46C6E}.Release|Any CPU.ActiveCfg = Release|Any CPU
		{D894AFD5-993F-4484-A3AF-EAA729F46C6E}.Release|Any CPU.Build.0 = Release|Any CPU
		{D894AFD5-993F-4484-A3AF-EAA729F46C6E}.Release|Mixed Platforms.ActiveCfg = Release|Any CPU
		{D894AFD5-993F-4484-A3AF-EAA729F46C6E}.Release|Mixed Platforms.Build.0 = Release|Any CPU
		{D894AFD5-993F-4484-A3AF-EAA729F46C6E}.Release|x86.ActiveCfg = Release|Any CPU
		{EF64D212-B68B-43F1-BA4F-F0A7A7C31BDA}.Debug|Any CPU.ActiveCfg = Debug|Any CPU
		{EF64D212-B68B-43F1-BA4F-F0A7A7C31BDA}.Debug|Any CPU.Build.0 = Debug|Any CPU
		{EF64D212-B68B-43F1-BA4F-F0A7A7C31BDA}.Debug|Mixed Platforms.ActiveCfg = Debug|Any CPU
		{EF64D212-B68B-43F1-BA4F-F0A7A7C31BDA}.Debug|Mixed Platforms.Build.0 = Debug|Any CPU
		{EF64D212-B68B-43F1-BA4F-F0A7A7C31BDA}.Debug|x86.ActiveCfg = Debug|Any CPU
		{EF64D212-B68B-43F1-BA4F-F0A7A7C31BDA}.Release|Any CPU.ActiveCfg = Release|Any CPU
		{EF64D212-B68B-43F1-BA4F-F0A7A7C31BDA}.Release|Any CPU.Build.0 = Release|Any CPU
		{EF64D212-B68B-43F1-BA4F-F0A7A7C31BDA}.Release|Mixed Platforms.ActiveCfg = Release|Any CPU
		{EF64D212-B68B-43F1-BA4F-F0A7A7C31BDA}.Release|Mixed Platforms.Build.0 = Release|Any CPU
		{EF64D212-B68B-43F1-BA4F-F0A7A7C31BDA}.Release|x86.ActiveCfg = Release|Any CPU
		{D0072D90-0D83-449B-9606-A6F1EA7A0D47}.Debug|Any CPU.ActiveCfg = Debug|Any CPU
		{D0072D90-0D83-449B-9606-A6F1EA7A0D47}.Debug|Any CPU.Build.0 = Debug|Any CPU
		{D0072D90-0D83-449B-9606-A6F1EA7A0D47}.Debug|Mixed Platforms.ActiveCfg = Debug|Any CPU
		{D0072D90-0D83-449B-9606-A6F1EA7A0D47}.Debug|Mixed Platforms.Build.0 = Debug|Any CPU
		{D0072D90-0D83-449B-9606-A6F1EA7A0D47}.Debug|x86.ActiveCfg = Debug|Any CPU
		{D0072D90-0D83-449B-9606-A6F1EA7A0D47}.Release|Any CPU.ActiveCfg = Release|Any CPU
		{D0072D90-0D83-449B-9606-A6F1EA7A0D47}.Release|Any CPU.Build.0 = Release|Any CPU
		{D0072D90-0D83-449B-9606-A6F1EA7A0D47}.Release|Mixed Platforms.ActiveCfg = Release|Any CPU
		{D0072D90-0D83-449B-9606-A6F1EA7A0D47}.Release|Mixed Platforms.Build.0 = Release|Any CPU
		{D0072D90-0D83-449B-9606-A6F1EA7A0D47}.Release|x86.ActiveCfg = Release|Any CPU
		{42A52734-A94F-4E75-8A2B-1FA92A5BDF29}.Debug|Any CPU.ActiveCfg = Debug|Any CPU
		{42A52734-A94F-4E75-8A2B-1FA92A5BDF29}.Debug|Any CPU.Build.0 = Debug|Any CPU
		{42A52734-A94F-4E75-8A2B-1FA92A5BDF29}.Debug|Mixed Platforms.ActiveCfg = Debug|Any CPU
		{42A52734-A94F-4E75-8A2B-1FA92A5BDF29}.Debug|Mixed Platforms.Build.0 = Debug|Any CPU
		{42A52734-A94F-4E75-8A2B-1FA92A5BDF29}.Debug|x86.ActiveCfg = Debug|Any CPU
		{42A52734-A94F-4E75-8A2B-1FA92A5BDF29}.Release|Any CPU.ActiveCfg = Release|Any CPU
		{42A52734-A94F-4E75-8A2B-1FA92A5BDF29}.Release|Any CPU.Build.0 = Release|Any CPU
		{42A52734-A94F-4E75-8A2B-1FA92A5BDF29}.Release|Mixed Platforms.ActiveCfg = Release|Any CPU
		{42A52734-A94F-4E75-8A2B-1FA92A5BDF29}.Release|Mixed Platforms.Build.0 = Release|Any CPU
		{42A52734-A94F-4E75-8A2B-1FA92A5BDF29}.Release|x86.ActiveCfg = Release|Any CPU
	EndGlobalSection
	GlobalSection(SolutionProperties) = preSolution
		HideSolutionNode = FALSE
	EndGlobalSection
	GlobalSection(NestedProjects) = preSolution
		{6753AEE5-C03F-4C97-AC2B-4BCA5144DF0D} = {0AE309FE-E1B4-45BE-9094-1184B9A16DA9}
		{6510398D-7573-46B0-BF50-FE69C65D65CB} = {0AE309FE-E1B4-45BE-9094-1184B9A16DA9}
		{74754094-B8FE-4177-9C80-676B74190015} = {0AE309FE-E1B4-45BE-9094-1184B9A16DA9}
		{1C914F57-4742-47F0-A9B4-9901EFCB2A7F} = {0AE309FE-E1B4-45BE-9094-1184B9A16DA9}
		{C85AB87C-C280-4B47-8717-7100A0E0189F} = {0AE309FE-E1B4-45BE-9094-1184B9A16DA9}
		{E79AEFAC-9BE5-4AE7-A8AE-9EB619A5B4E8} = {0AE309FE-E1B4-45BE-9094-1184B9A16DA9}
		{E759AB5F-ED26-4D45-A66B-2023991E5A2E} = {0AE309FE-E1B4-45BE-9094-1184B9A16DA9}
		{1D401810-A843-47FE-9C92-A7ECFE85FE52} = {0AE309FE-E1B4-45BE-9094-1184B9A16DA9}
		{A55FFCF0-C4D3-4CC3-8DD5-B6A4748049EC} = {1D401810-A843-47FE-9C92-A7ECFE85FE52}
		{B6C4F826-185A-49FB-82AD-195A7B05759F} = {0AE309FE-E1B4-45BE-9094-1184B9A16DA9}
		{D894AFD5-993F-4484-A3AF-EAA729F46C6E} = {1D401810-A843-47FE-9C92-A7ECFE85FE52}
		{EF64D212-B68B-43F1-BA4F-F0A7A7C31BDA} = {1D401810-A843-47FE-9C92-A7ECFE85FE52}
		{D0072D90-0D83-449B-9606-A6F1EA7A0D47} = {0AE309FE-E1B4-45BE-9094-1184B9A16DA9}
		{42A52734-A94F-4E75-8A2B-1FA92A5BDF29} = {0AE309FE-E1B4-45BE-9094-1184B9A16DA9}
	EndGlobalSection
EndGlobal
