
Microsoft Visual Studio Solution File, Format Version 11.00
# Visual Basic Express 2010
Project("{F184B08F-C81C-45F6-A57F-5ABD9991F28F}") = "VBot", "VBot\VBot.vbproj", "{90012153-6C86-45D0-BCC7-64260AA044D2}"
EndProject
Project("{F184B08F-C81C-45F6-A57F-5ABD9991F28F}") = "FAQPlugin", "FAQPlugin\FAQPlugin.vbproj", "{BFBF31C1-7CFD-46B2-8A9B-015D3B8A03BD}"
EndProject
Project("{F184B08F-C81C-45F6-A57F-5ABD9991F28F}") = "MainCommands", "MainCommands\MainCommands.vbproj", "{C744C952-5B7B-4BF6-ACBF-0A74C2D310A9}"
EndProject
Project("{F184B08F-C81C-45F6-A57F-5ABD9991F28F}") = "Minecraft Server", "Minecraft Server\Minecraft Server.vbproj", "{79BA41B3-CEC3-410D-887B-C508E50FA13F}"
EndProject
Project("{F184B08F-C81C-45F6-A57F-5ABD9991F28F}") = "GameGreedyDice", "Games\GameGreedyDice\GameGreedyDice.vbproj", "{48736531-02D3-4CDD-83A8-CAFFF25752FC}"
EndProject
Project("{F184B08F-C81C-45F6-A57F-5ABD9991F28F}") = "Channel Guardian", "Channel Guardian\Channel Guardian.vbproj", "{7F15EB8E-22DD-4EA2-9416-B491C4FF57FA}"
EndProject
Project("{F184B08F-C81C-45F6-A57F-5ABD9991F28F}") = "Terraria Server", "Terraria Server\Terraria Server.vbproj", "{BE61A465-8362-4F8B-A390-9CBD0556F4C3}"
EndProject
Project("{F184B08F-C81C-45F6-A57F-5ABD9991F28F}") = "Minecraft", "Minecraft\Minecraft.vbproj", "{9B753350-2C2E-405C-8D1A-02BA5D8C2C6E}"
EndProject
Project("{F184B08F-C81C-45F6-A57F-5ABD9991F28F}") = "BattleBot", "BattleBot\BattleBot.vbproj", "{332E8FE8-83FE-4DC1-8CDE-BDBF958EEEA0}"
EndProject
Project("{F184B08F-C81C-45F6-A57F-5ABD9991F28F}") = "Terraria Info", "Terraria Info\Terraria Info.vbproj", "{177DE244-DF0B-4AAB-B277-FAF0276F7E79}"
EndProject
Project("{F184B08F-C81C-45F6-A57F-5ABD9991F28F}") = "GameUno", "Games\GameUno\GameUno.vbproj", "{8EB06EB8-9F70-47ED-B238-09CD99B2BA21}"
EndProject
Project("{F184B08F-C81C-45F6-A57F-5ABD9991F28F}") = "Script Engine", "ScriptEngine\Script Engine.vbproj", "{76D507C0-D645-4F91-A5B3-26BEC857708E}"
EndProject
Project("{F184B08F-C81C-45F6-A57F-5ABD9991F28F}") = "ChannelNotifier", "ChannelNotifier\ChannelNotifier.vbproj", "{1A08B766-A291-452E-BDFD-73B3052A3851}"
EndProject
Project("{F184B08F-C81C-45F6-A57F-5ABD9991F28F}") = "Runner", "Runner\Runner.vbproj", "{30BB96FE-1222-4771-8BD8-F94604BBECBC}"
EndProject
Project("{F184B08F-C81C-45F6-A57F-5ABD9991F28F}") = "Monopoly", "Games\Monopoly\Monopoly.vbproj", "{9698848E-FBCC-4208-833E-F8C0C0A84C57}"
EndProject
Project("{F184B08F-C81C-45F6-A57F-5ABD9991F28F}") = "Time", "Time\Time.vbproj", "{1AA9C745-8149-4C27-A216-D148C86478EB}"
EndProject
Global
	GlobalSection(SolutionConfigurationPlatforms) = preSolution
		Debug|Any CPU = Debug|Any CPU
		Debug|Mixed Platforms = Debug|Mixed Platforms
		Debug|x86 = Debug|x86
		Release|Any CPU = Release|Any CPU
		Release|Mixed Platforms = Release|Mixed Platforms
		Release|x86 = Release|x86
	EndGlobalSection
	GlobalSection(ProjectConfigurationPlatforms) = postSolution
		{90012153-6C86-45D0-BCC7-64260AA044D2}.Debug|Any CPU.ActiveCfg = Debug|x86
		{90012153-6C86-45D0-BCC7-64260AA044D2}.Debug|Any CPU.Build.0 = Debug|x86
		{90012153-6C86-45D0-BCC7-64260AA044D2}.Debug|Mixed Platforms.ActiveCfg = Debug|x86
		{90012153-6C86-45D0-BCC7-64260AA044D2}.Debug|Mixed Platforms.Build.0 = Debug|x86
		{90012153-6C86-45D0-BCC7-64260AA044D2}.Debug|x86.ActiveCfg = Debug|x86
		{90012153-6C86-45D0-BCC7-64260AA044D2}.Debug|x86.Build.0 = Debug|x86
		{90012153-6C86-45D0-BCC7-64260AA044D2}.Release|Any CPU.ActiveCfg = Release|x86
		{90012153-6C86-45D0-BCC7-64260AA044D2}.Release|Any CPU.Build.0 = Release|x86
		{90012153-6C86-45D0-BCC7-64260AA044D2}.Release|Mixed Platforms.ActiveCfg = Release|x86
		{90012153-6C86-45D0-BCC7-64260AA044D2}.Release|Mixed Platforms.Build.0 = Release|x86
		{90012153-6C86-45D0-BCC7-64260AA044D2}.Release|x86.ActiveCfg = Release|x86
		{90012153-6C86-45D0-BCC7-64260AA044D2}.Release|x86.Build.0 = Release|x86
		{BFBF31C1-7CFD-46B2-8A9B-015D3B8A03BD}.Debug|Any CPU.ActiveCfg = Debug|Any CPU
		{BFBF31C1-7CFD-46B2-8A9B-015D3B8A03BD}.Debug|Any CPU.Build.0 = Debug|Any CPU
		{BFBF31C1-7CFD-46B2-8A9B-015D3B8A03BD}.Debug|Mixed Platforms.ActiveCfg = Debug|Any CPU
		{BFBF31C1-7CFD-46B2-8A9B-015D3B8A03BD}.Debug|Mixed Platforms.Build.0 = Debug|Any CPU
		{BFBF31C1-7CFD-46B2-8A9B-015D3B8A03BD}.Debug|x86.ActiveCfg = Debug|Any CPU
		{BFBF31C1-7CFD-46B2-8A9B-015D3B8A03BD}.Release|Any CPU.ActiveCfg = Release|Any CPU
		{BFBF31C1-7CFD-46B2-8A9B-015D3B8A03BD}.Release|Any CPU.Build.0 = Release|Any CPU
		{BFBF31C1-7CFD-46B2-8A9B-015D3B8A03BD}.Release|Mixed Platforms.ActiveCfg = Release|Any CPU
		{BFBF31C1-7CFD-46B2-8A9B-015D3B8A03BD}.Release|Mixed Platforms.Build.0 = Release|Any CPU
		{BFBF31C1-7CFD-46B2-8A9B-015D3B8A03BD}.Release|x86.ActiveCfg = Release|Any CPU
		{C744C952-5B7B-4BF6-ACBF-0A74C2D310A9}.Debug|Any CPU.ActiveCfg = Debug|Any CPU
		{C744C952-5B7B-4BF6-ACBF-0A74C2D310A9}.Debug|Any CPU.Build.0 = Debug|Any CPU
		{C744C952-5B7B-4BF6-ACBF-0A74C2D310A9}.Debug|Any CPU.Deploy.0 = Debug|Any CPU
		{C744C952-5B7B-4BF6-ACBF-0A74C2D310A9}.Debug|Mixed Platforms.ActiveCfg = Debug|Any CPU
		{C744C952-5B7B-4BF6-ACBF-0A74C2D310A9}.Debug|Mixed Platforms.Build.0 = Debug|Any CPU
		{C744C952-5B7B-4BF6-ACBF-0A74C2D310A9}.Debug|x86.ActiveCfg = Debug|Any CPU
		{C744C952-5B7B-4BF6-ACBF-0A74C2D310A9}.Release|Any CPU.ActiveCfg = Release|Any CPU
		{C744C952-5B7B-4BF6-ACBF-0A74C2D310A9}.Release|Any CPU.Build.0 = Release|Any CPU
		{C744C952-5B7B-4BF6-ACBF-0A74C2D310A9}.Release|Mixed Platforms.ActiveCfg = Release|Any CPU
		{C744C952-5B7B-4BF6-ACBF-0A74C2D310A9}.Release|Mixed Platforms.Build.0 = Release|Any CPU
		{C744C952-5B7B-4BF6-ACBF-0A74C2D310A9}.Release|x86.ActiveCfg = Release|Any CPU
		{79BA41B3-CEC3-410D-887B-C508E50FA13F}.Debug|Any CPU.ActiveCfg = Debug|Any CPU
		{79BA41B3-CEC3-410D-887B-C508E50FA13F}.Debug|Any CPU.Build.0 = Debug|Any CPU
		{79BA41B3-CEC3-410D-887B-C508E50FA13F}.Debug|Mixed Platforms.ActiveCfg = Debug|Any CPU
		{79BA41B3-CEC3-410D-887B-C508E50FA13F}.Debug|Mixed Platforms.Build.0 = Debug|Any CPU
		{79BA41B3-CEC3-410D-887B-C508E50FA13F}.Debug|x86.ActiveCfg = Debug|Any CPU
		{79BA41B3-CEC3-410D-887B-C508E50FA13F}.Release|Any CPU.ActiveCfg = Release|Any CPU
		{79BA41B3-CEC3-410D-887B-C508E50FA13F}.Release|Any CPU.Build.0 = Release|Any CPU
		{79BA41B3-CEC3-410D-887B-C508E50FA13F}.Release|Mixed Platforms.ActiveCfg = Release|Any CPU
		{79BA41B3-CEC3-410D-887B-C508E50FA13F}.Release|Mixed Platforms.Build.0 = Release|Any CPU
		{79BA41B3-CEC3-410D-887B-C508E50FA13F}.Release|x86.ActiveCfg = Release|Any CPU
		{48736531-02D3-4CDD-83A8-CAFFF25752FC}.Debug|Any CPU.ActiveCfg = Debug|Any CPU
		{48736531-02D3-4CDD-83A8-CAFFF25752FC}.Debug|Any CPU.Build.0 = Debug|Any CPU
		{48736531-02D3-4CDD-83A8-CAFFF25752FC}.Debug|Mixed Platforms.ActiveCfg = Debug|Any CPU
		{48736531-02D3-4CDD-83A8-CAFFF25752FC}.Debug|Mixed Platforms.Build.0 = Debug|Any CPU
		{48736531-02D3-4CDD-83A8-CAFFF25752FC}.Debug|x86.ActiveCfg = Debug|Any CPU
		{48736531-02D3-4CDD-83A8-CAFFF25752FC}.Release|Any CPU.ActiveCfg = Release|Any CPU
		{48736531-02D3-4CDD-83A8-CAFFF25752FC}.Release|Any CPU.Build.0 = Release|Any CPU
		{48736531-02D3-4CDD-83A8-CAFFF25752FC}.Release|Mixed Platforms.ActiveCfg = Release|Any CPU
		{48736531-02D3-4CDD-83A8-CAFFF25752FC}.Release|Mixed Platforms.Build.0 = Release|Any CPU
		{48736531-02D3-4CDD-83A8-CAFFF25752FC}.Release|x86.ActiveCfg = Release|Any CPU
		{7F15EB8E-22DD-4EA2-9416-B491C4FF57FA}.Debug|Any CPU.ActiveCfg = Debug|Any CPU
		{7F15EB8E-22DD-4EA2-9416-B491C4FF57FA}.Debug|Any CPU.Build.0 = Debug|Any CPU
		{7F15EB8E-22DD-4EA2-9416-B491C4FF57FA}.Debug|Mixed Platforms.ActiveCfg = Debug|Any CPU
		{7F15EB8E-22DD-4EA2-9416-B491C4FF57FA}.Debug|Mixed Platforms.Build.0 = Debug|Any CPU
		{7F15EB8E-22DD-4EA2-9416-B491C4FF57FA}.Debug|x86.ActiveCfg = Debug|Any CPU
		{7F15EB8E-22DD-4EA2-9416-B491C4FF57FA}.Release|Any CPU.ActiveCfg = Release|Any CPU
		{7F15EB8E-22DD-4EA2-9416-B491C4FF57FA}.Release|Any CPU.Build.0 = Release|Any CPU
		{7F15EB8E-22DD-4EA2-9416-B491C4FF57FA}.Release|Mixed Platforms.ActiveCfg = Release|Any CPU
		{7F15EB8E-22DD-4EA2-9416-B491C4FF57FA}.Release|Mixed Platforms.Build.0 = Release|Any CPU
		{7F15EB8E-22DD-4EA2-9416-B491C4FF57FA}.Release|x86.ActiveCfg = Release|Any CPU
		{BE61A465-8362-4F8B-A390-9CBD0556F4C3}.Debug|Any CPU.ActiveCfg = Debug|Any CPU
		{BE61A465-8362-4F8B-A390-9CBD0556F4C3}.Debug|Any CPU.Build.0 = Debug|Any CPU
		{BE61A465-8362-4F8B-A390-9CBD0556F4C3}.Debug|Mixed Platforms.ActiveCfg = Debug|Any CPU
		{BE61A465-8362-4F8B-A390-9CBD0556F4C3}.Debug|Mixed Platforms.Build.0 = Debug|Any CPU
		{BE61A465-8362-4F8B-A390-9CBD0556F4C3}.Debug|x86.ActiveCfg = Debug|Any CPU
		{BE61A465-8362-4F8B-A390-9CBD0556F4C3}.Release|Any CPU.ActiveCfg = Release|Any CPU
		{BE61A465-8362-4F8B-A390-9CBD0556F4C3}.Release|Any CPU.Build.0 = Release|Any CPU
		{BE61A465-8362-4F8B-A390-9CBD0556F4C3}.Release|Mixed Platforms.ActiveCfg = Release|Any CPU
		{BE61A465-8362-4F8B-A390-9CBD0556F4C3}.Release|Mixed Platforms.Build.0 = Release|Any CPU
		{BE61A465-8362-4F8B-A390-9CBD0556F4C3}.Release|x86.ActiveCfg = Release|Any CPU
		{9B753350-2C2E-405C-8D1A-02BA5D8C2C6E}.Debug|Any CPU.ActiveCfg = Debug|Any CPU
		{9B753350-2C2E-405C-8D1A-02BA5D8C2C6E}.Debug|Any CPU.Build.0 = Debug|Any CPU
		{9B753350-2C2E-405C-8D1A-02BA5D8C2C6E}.Debug|Mixed Platforms.ActiveCfg = Debug|Any CPU
		{9B753350-2C2E-405C-8D1A-02BA5D8C2C6E}.Debug|Mixed Platforms.Build.0 = Debug|Any CPU
		{9B753350-2C2E-405C-8D1A-02BA5D8C2C6E}.Debug|x86.ActiveCfg = Debug|Any CPU
		{9B753350-2C2E-405C-8D1A-02BA5D8C2C6E}.Release|Any CPU.ActiveCfg = Release|Any CPU
		{9B753350-2C2E-405C-8D1A-02BA5D8C2C6E}.Release|Any CPU.Build.0 = Release|Any CPU
		{9B753350-2C2E-405C-8D1A-02BA5D8C2C6E}.Release|Mixed Platforms.ActiveCfg = Release|Any CPU
		{9B753350-2C2E-405C-8D1A-02BA5D8C2C6E}.Release|Mixed Platforms.Build.0 = Release|Any CPU
		{9B753350-2C2E-405C-8D1A-02BA5D8C2C6E}.Release|x86.ActiveCfg = Release|Any CPU
		{332E8FE8-83FE-4DC1-8CDE-BDBF958EEEA0}.Debug|Any CPU.ActiveCfg = Debug|Any CPU
		{332E8FE8-83FE-4DC1-8CDE-BDBF958EEEA0}.Debug|Any CPU.Build.0 = Debug|Any CPU
		{332E8FE8-83FE-4DC1-8CDE-BDBF958EEEA0}.Debug|Mixed Platforms.ActiveCfg = Debug|Any CPU
		{332E8FE8-83FE-4DC1-8CDE-BDBF958EEEA0}.Debug|Mixed Platforms.Build.0 = Debug|Any CPU
		{332E8FE8-83FE-4DC1-8CDE-BDBF958EEEA0}.Debug|x86.ActiveCfg = Debug|Any CPU
		{332E8FE8-83FE-4DC1-8CDE-BDBF958EEEA0}.Release|Any CPU.ActiveCfg = Release|Any CPU
		{332E8FE8-83FE-4DC1-8CDE-BDBF958EEEA0}.Release|Any CPU.Build.0 = Release|Any CPU
		{332E8FE8-83FE-4DC1-8CDE-BDBF958EEEA0}.Release|Mixed Platforms.ActiveCfg = Release|Any CPU
		{332E8FE8-83FE-4DC1-8CDE-BDBF958EEEA0}.Release|Mixed Platforms.Build.0 = Release|Any CPU
		{332E8FE8-83FE-4DC1-8CDE-BDBF958EEEA0}.Release|x86.ActiveCfg = Release|Any CPU
		{177DE244-DF0B-4AAB-B277-FAF0276F7E79}.Debug|Any CPU.ActiveCfg = Debug|Any CPU
		{177DE244-DF0B-4AAB-B277-FAF0276F7E79}.Debug|Any CPU.Build.0 = Debug|Any CPU
		{177DE244-DF0B-4AAB-B277-FAF0276F7E79}.Debug|Mixed Platforms.ActiveCfg = Debug|Any CPU
		{177DE244-DF0B-4AAB-B277-FAF0276F7E79}.Debug|Mixed Platforms.Build.0 = Debug|Any CPU
		{177DE244-DF0B-4AAB-B277-FAF0276F7E79}.Debug|x86.ActiveCfg = Debug|Any CPU
		{177DE244-DF0B-4AAB-B277-FAF0276F7E79}.Release|Any CPU.ActiveCfg = Release|Any CPU
		{177DE244-DF0B-4AAB-B277-FAF0276F7E79}.Release|Any CPU.Build.0 = Release|Any CPU
		{177DE244-DF0B-4AAB-B277-FAF0276F7E79}.Release|Mixed Platforms.ActiveCfg = Release|Any CPU
		{177DE244-DF0B-4AAB-B277-FAF0276F7E79}.Release|Mixed Platforms.Build.0 = Release|Any CPU
		{177DE244-DF0B-4AAB-B277-FAF0276F7E79}.Release|x86.ActiveCfg = Release|Any CPU
		{8EB06EB8-9F70-47ED-B238-09CD99B2BA21}.Debug|Any CPU.ActiveCfg = Debug|Any CPU
		{8EB06EB8-9F70-47ED-B238-09CD99B2BA21}.Debug|Any CPU.Build.0 = Debug|Any CPU
		{8EB06EB8-9F70-47ED-B238-09CD99B2BA21}.Debug|Mixed Platforms.ActiveCfg = Debug|Any CPU
		{8EB06EB8-9F70-47ED-B238-09CD99B2BA21}.Debug|Mixed Platforms.Build.0 = Debug|Any CPU
		{8EB06EB8-9F70-47ED-B238-09CD99B2BA21}.Debug|x86.ActiveCfg = Debug|Any CPU
		{8EB06EB8-9F70-47ED-B238-09CD99B2BA21}.Release|Any CPU.ActiveCfg = Release|Any CPU
		{8EB06EB8-9F70-47ED-B238-09CD99B2BA21}.Release|Any CPU.Build.0 = Release|Any CPU
		{8EB06EB8-9F70-47ED-B238-09CD99B2BA21}.Release|Mixed Platforms.ActiveCfg = Release|Any CPU
		{8EB06EB8-9F70-47ED-B238-09CD99B2BA21}.Release|Mixed Platforms.Build.0 = Release|Any CPU
		{8EB06EB8-9F70-47ED-B238-09CD99B2BA21}.Release|x86.ActiveCfg = Release|Any CPU
		{76D507C0-D645-4F91-A5B3-26BEC857708E}.Debug|Any CPU.ActiveCfg = Debug|Any CPU
		{76D507C0-D645-4F91-A5B3-26BEC857708E}.Debug|Any CPU.Build.0 = Debug|Any CPU
		{76D507C0-D645-4F91-A5B3-26BEC857708E}.Debug|Mixed Platforms.ActiveCfg = Debug|Any CPU
		{76D507C0-D645-4F91-A5B3-26BEC857708E}.Debug|Mixed Platforms.Build.0 = Debug|Any CPU
		{76D507C0-D645-4F91-A5B3-26BEC857708E}.Debug|x86.ActiveCfg = Debug|Any CPU
		{76D507C0-D645-4F91-A5B3-26BEC857708E}.Release|Any CPU.ActiveCfg = Release|Any CPU
		{76D507C0-D645-4F91-A5B3-26BEC857708E}.Release|Any CPU.Build.0 = Release|Any CPU
		{76D507C0-D645-4F91-A5B3-26BEC857708E}.Release|Mixed Platforms.ActiveCfg = Release|Any CPU
		{76D507C0-D645-4F91-A5B3-26BEC857708E}.Release|Mixed Platforms.Build.0 = Release|Any CPU
		{76D507C0-D645-4F91-A5B3-26BEC857708E}.Release|x86.ActiveCfg = Release|Any CPU
		{1A08B766-A291-452E-BDFD-73B3052A3851}.Debug|Any CPU.ActiveCfg = Debug|Any CPU
		{1A08B766-A291-452E-BDFD-73B3052A3851}.Debug|Any CPU.Build.0 = Debug|Any CPU
		{1A08B766-A291-452E-BDFD-73B3052A3851}.Debug|Mixed Platforms.ActiveCfg = Debug|Any CPU
		{1A08B766-A291-452E-BDFD-73B3052A3851}.Debug|Mixed Platforms.Build.0 = Debug|Any CPU
		{1A08B766-A291-452E-BDFD-73B3052A3851}.Debug|x86.ActiveCfg = Debug|Any CPU
		{1A08B766-A291-452E-BDFD-73B3052A3851}.Release|Any CPU.ActiveCfg = Release|Any CPU
		{1A08B766-A291-452E-BDFD-73B3052A3851}.Release|Any CPU.Build.0 = Release|Any CPU
		{1A08B766-A291-452E-BDFD-73B3052A3851}.Release|Mixed Platforms.ActiveCfg = Release|Any CPU
		{1A08B766-A291-452E-BDFD-73B3052A3851}.Release|Mixed Platforms.Build.0 = Release|Any CPU
		{1A08B766-A291-452E-BDFD-73B3052A3851}.Release|x86.ActiveCfg = Release|Any CPU
		{30BB96FE-1222-4771-8BD8-F94604BBECBC}.Debug|Any CPU.ActiveCfg = Debug|Any CPU
		{30BB96FE-1222-4771-8BD8-F94604BBECBC}.Debug|Any CPU.Build.0 = Debug|Any CPU
		{30BB96FE-1222-4771-8BD8-F94604BBECBC}.Debug|Mixed Platforms.ActiveCfg = Debug|Any CPU
		{30BB96FE-1222-4771-8BD8-F94604BBECBC}.Debug|Mixed Platforms.Build.0 = Debug|Any CPU
		{30BB96FE-1222-4771-8BD8-F94604BBECBC}.Debug|x86.ActiveCfg = Debug|Any CPU
		{30BB96FE-1222-4771-8BD8-F94604BBECBC}.Release|Any CPU.ActiveCfg = Release|Any CPU
		{30BB96FE-1222-4771-8BD8-F94604BBECBC}.Release|Any CPU.Build.0 = Release|Any CPU
		{30BB96FE-1222-4771-8BD8-F94604BBECBC}.Release|Mixed Platforms.ActiveCfg = Release|Any CPU
		{30BB96FE-1222-4771-8BD8-F94604BBECBC}.Release|Mixed Platforms.Build.0 = Release|Any CPU
		{30BB96FE-1222-4771-8BD8-F94604BBECBC}.Release|x86.ActiveCfg = Release|Any CPU
		{9698848E-FBCC-4208-833E-F8C0C0A84C57}.Debug|Any CPU.ActiveCfg = Debug|Any CPU
		{9698848E-FBCC-4208-833E-F8C0C0A84C57}.Debug|Any CPU.Build.0 = Debug|Any CPU
		{9698848E-FBCC-4208-833E-F8C0C0A84C57}.Debug|Mixed Platforms.ActiveCfg = Debug|Any CPU
		{9698848E-FBCC-4208-833E-F8C0C0A84C57}.Debug|Mixed Platforms.Build.0 = Debug|Any CPU
		{9698848E-FBCC-4208-833E-F8C0C0A84C57}.Debug|x86.ActiveCfg = Debug|Any CPU
		{9698848E-FBCC-4208-833E-F8C0C0A84C57}.Release|Any CPU.ActiveCfg = Release|Any CPU
		{9698848E-FBCC-4208-833E-F8C0C0A84C57}.Release|Any CPU.Build.0 = Release|Any CPU
		{9698848E-FBCC-4208-833E-F8C0C0A84C57}.Release|Mixed Platforms.ActiveCfg = Release|Any CPU
		{9698848E-FBCC-4208-833E-F8C0C0A84C57}.Release|Mixed Platforms.Build.0 = Release|Any CPU
		{9698848E-FBCC-4208-833E-F8C0C0A84C57}.Release|x86.ActiveCfg = Release|Any CPU
		{1AA9C745-8149-4C27-A216-D148C86478EB}.Debug|Any CPU.ActiveCfg = Debug|Any CPU
		{1AA9C745-8149-4C27-A216-D148C86478EB}.Debug|Any CPU.Build.0 = Debug|Any CPU
		{1AA9C745-8149-4C27-A216-D148C86478EB}.Debug|Mixed Platforms.ActiveCfg = Debug|Any CPU
		{1AA9C745-8149-4C27-A216-D148C86478EB}.Debug|Mixed Platforms.Build.0 = Debug|Any CPU
		{1AA9C745-8149-4C27-A216-D148C86478EB}.Debug|x86.ActiveCfg = Debug|Any CPU
		{1AA9C745-8149-4C27-A216-D148C86478EB}.Release|Any CPU.ActiveCfg = Release|Any CPU
		{1AA9C745-8149-4C27-A216-D148C86478EB}.Release|Any CPU.Build.0 = Release|Any CPU
		{1AA9C745-8149-4C27-A216-D148C86478EB}.Release|Mixed Platforms.ActiveCfg = Release|Any CPU
		{1AA9C745-8149-4C27-A216-D148C86478EB}.Release|Mixed Platforms.Build.0 = Release|Any CPU
		{1AA9C745-8149-4C27-A216-D148C86478EB}.Release|x86.ActiveCfg = Release|Any CPU
	EndGlobalSection
	GlobalSection(SolutionProperties) = preSolution
		HideSolutionNode = FALSE
	EndGlobalSection
EndGlobal
